
Microsoft Visual Studio Solution File, Format Version 12.00
# Visual Studio Version 17
VisualStudioVersion = 17.6.33801.468
MinimumVisualStudioVersion = 10.0.40219.1
Project("{2150E333-8FDC-42A3-9474-1A3956D46DE8}") = "FrontEnd", "FrontEnd", "{31B41C6E-8963-40C8-A865-1EB42665D940}"
EndProject
Project("{2150E333-8FDC-42A3-9474-1A3956D46DE8}") = "Gateway", "Gateway", "{7D3842E2-923B-4BCF-98BF-FA33F00051B7}"
EndProject
Project("{2150E333-8FDC-42A3-9474-1A3956D46DE8}") = "Integration", "Integration", "{E336AB99-6062-4DB8-B066-7DD551F3952C}"
EndProject
Project("{2150E333-8FDC-42A3-9474-1A3956D46DE8}") = "Services", "Services", "{884C3857-7CEA-4973-928D-85F730C2CB6B}"
EndProject
Project("{9A19103F-16F7-4668-BE54-9A1E7A4F7556}") = "eShop.Services.CouponAPI", "eShop.Services.CouponAPI\eShop.Services.CouponAPI.csproj", "{7641C703-75D7-4AB6-90E5-077723B23CA4}"
EndProject
Project("{9A19103F-16F7-4668-BE54-9A1E7A4F7556}") = "eShop.Web", "eShop.Web\eShop.Web.csproj", "{AEDA00E5-D4FC-455B-B1EF-0B4F9D73EAA3}"
EndProject
Project("{9A19103F-16F7-4668-BE54-9A1E7A4F7556}") = "eShop.Services.AuthAPI", "eShop.Services.AuthAPI\eShop.Services.AuthAPI.csproj", "{57F4A536-4318-43DB-8CDE-1DF8FC66AE42}"
EndProject
Project("{9A19103F-16F7-4668-BE54-9A1E7A4F7556}") = "eShop.Services.ProductAPI", "eShop.Services.ProductAPI\eShop.Services.ProductAPI.csproj", "{5272530A-4D22-48E4-84EA-FCFE8166A21C}"
EndProject
Global
	GlobalSection(SolutionConfigurationPlatforms) = preSolution
		Debug|Any CPU = Debug|Any CPU
		Release|Any CPU = Release|Any CPU
	EndGlobalSection
	GlobalSection(ProjectConfigurationPlatforms) = postSolution
		{7641C703-75D7-4AB6-90E5-077723B23CA4}.Debug|Any CPU.ActiveCfg = Debug|Any CPU
		{7641C703-75D7-4AB6-90E5-077723B23CA4}.Release|Any CPU.ActiveCfg = Release|Any CPU
		{7641C703-75D7-4AB6-90E5-077723B23CA4}.Release|Any CPU.Build.0 = Release|Any CPU
		{AEDA00E5-D4FC-455B-B1EF-0B4F9D73EAA3}.Debug|Any CPU.ActiveCfg = Debug|Any CPU
		{AEDA00E5-D4FC-455B-B1EF-0B4F9D73EAA3}.Release|Any CPU.ActiveCfg = Release|Any CPU
		{AEDA00E5-D4FC-455B-B1EF-0B4F9D73EAA3}.Release|Any CPU.Build.0 = Release|Any CPU
		{57F4A536-4318-43DB-8CDE-1DF8FC66AE42}.Debug|Any CPU.ActiveCfg = Debug|Any CPU
		{57F4A536-4318-43DB-8CDE-1DF8FC66AE42}.Release|Any CPU.ActiveCfg = Release|Any CPU
		{57F4A536-4318-43DB-8CDE-1DF8FC66AE42}.Release|Any CPU.Build.0 = Release|Any CPU
		{5272530A-4D22-48E4-84EA-FCFE8166A21C}.Debug|Any CPU.ActiveCfg = Debug|Any CPU
		{5272530A-4D22-48E4-84EA-FCFE8166A21C}.Release|Any CPU.ActiveCfg = Release|Any CPU
		{5272530A-4D22-48E4-84EA-FCFE8166A21C}.Release|Any CPU.Build.0 = Release|Any CPU
	EndGlobalSection
	GlobalSection(SolutionProperties) = preSolution
		HideSolutionNode = FALSE
	EndGlobalSection
	GlobalSection(NestedProjects) = preSolution
		{7641C703-75D7-4AB6-90E5-077723B23CA4} = {884C3857-7CEA-4973-928D-85F730C2CB6B}
		{AEDA00E5-D4FC-455B-B1EF-0B4F9D73EAA3} = {31B41C6E-8963-40C8-A865-1EB42665D940}
		{57F4A536-4318-43DB-8CDE-1DF8FC66AE42} = {884C3857-7CEA-4973-928D-85F730C2CB6B}
		{5272530A-4D22-48E4-84EA-FCFE8166A21C} = {884C3857-7CEA-4973-928D-85F730C2CB6B}
	EndGlobalSection
	GlobalSection(ExtensibilityGlobals) = postSolution
		SolutionGuid = {23A4D3C9-2304-470E-8DDE-140AA505DA92}
	EndGlobalSection
EndGlobal
